
Microsoft Visual Studio Solution File, Format Version 12.00
# Visual Studio Version 17
VisualStudioVersion = 17.9.34723.18
MinimumVisualStudioVersion = 10.0.40219.1
Project("{9A19103F-16F7-4668-BE54-9A1E7A4F7556}") = "API", "API\API.csproj", "{59A03BA2-9696-4630-AD35-DEFA4F723741}"
EndProject
Project("{9A19103F-16F7-4668-BE54-9A1E7A4F7556}") = "Entities", "Entities\Entities.csproj", "{AD4E351C-1A25-4F9E-991F-0A4B4EC6CEE2}"
EndProject
Project("{9A19103F-16F7-4668-BE54-9A1E7A4F7556}") = "Business", "Business\Business.csproj", "{1F193DAC-492E-4729-90A5-7E15D4F7B419}"
EndProject
Project("{9A19103F-16F7-4668-BE54-9A1E7A4F7556}") = "Tests", "Tests\Tests.csproj", "{0DF59C49-C6C2-4571-8852-2AFDBA4E06EE}"
EndProject
Global
	GlobalSection(SolutionConfigurationPlatforms) = preSolution
		Debug|Any CPU = Debug|Any CPU
		Release|Any CPU = Release|Any CPU
	EndGlobalSection
	GlobalSection(ProjectConfigurationPlatforms) = postSolution
		{59A03BA2-9696-4630-AD35-DEFA4F723741}.Debug|Any CPU.ActiveCfg = Debug|Any CPU
		{59A03BA2-9696-4630-AD35-DEFA4F723741}.Debug|Any CPU.Build.0 = Debug|Any CPU
		{59A03BA2-9696-4630-AD35-DEFA4F723741}.Release|Any CPU.ActiveCfg = Release|Any CPU
		{59A03BA2-9696-4630-AD35-DEFA4F723741}.Release|Any CPU.Build.0 = Release|Any CPU
		{AD4E351C-1A25-4F9E-991F-0A4B4EC6CEE2}.Debug|Any CPU.ActiveCfg = Debug|Any CPU
		{AD4E351C-1A25-4F9E-991F-0A4B4EC6CEE2}.Debug|Any CPU.Build.0 = Debug|Any CPU
		{AD4E351C-1A25-4F9E-991F-0A4B4EC6CEE2}.Release|Any CPU.ActiveCfg = Release|Any CPU
		{AD4E351C-1A25-4F9E-991F-0A4B4EC6CEE2}.Release|Any CPU.Build.0 = Release|Any CPU
		{1F193DAC-492E-4729-90A5-7E15D4F7B419}.Debug|Any CPU.ActiveCfg = Debug|Any CPU
		{1F193DAC-492E-4729-90A5-7E15D4F7B419}.Debug|Any CPU.Build.0 = Debug|Any CPU
		{1F193DAC-492E-4729-90A5-7E15D4F7B419}.Release|Any CPU.ActiveCfg = Release|Any CPU
		{1F193DAC-492E-4729-90A5-7E15D4F7B419}.Release|Any CPU.Build.0 = Release|Any CPU
		{0DF59C49-C6C2-4571-8852-2AFDBA4E06EE}.Debug|Any CPU.ActiveCfg = Debug|Any CPU
		{0DF59C49-C6C2-4571-8852-2AFDBA4E06EE}.Debug|Any CPU.Build.0 = Debug|Any CPU
		{0DF59C49-C6C2-4571-8852-2AFDBA4E06EE}.Release|Any CPU.ActiveCfg = Release|Any CPU
		{0DF59C49-C6C2-4571-8852-2AFDBA4E06EE}.Release|Any CPU.Build.0 = Release|Any CPU
	EndGlobalSection
	GlobalSection(SolutionProperties) = preSolution
		HideSolutionNode = FALSE
	EndGlobalSection
	GlobalSection(ExtensibilityGlobals) = postSolution
		SolutionGuid = {F89204C8-4101-4348-8F38-71026D11401B}
	EndGlobalSection
EndGlobal
